{
  "name": "translation-konjac",
  "version": "0.1.0",
  "lockfileVersion": 3,
  "requires": true,
  "packages": {
    "": {
      "name": "translation-konjac",
      "version": "0.1.0",
      "workspaces": [
        "apps/web"
      ],
      "engines": {
        "node": ">=20"
      }
    },
    "apps/web": {
      "name": "@translation-konjac/web",
      "version": "0.1.0",
      "engines": {
        "node": ">=20"
      }
    },
    "node_modules/@translation-konjac/web": {
      "resolved": "apps/web",
      "link": true
    }
  }
}
